
Microsoft Visual Studio Solution File, Format Version 12.00
Project("{FAE04EC0-301F-11D3-BF4B-00C04F79EFBC}") = "NancyApplication", "NancyApplication\NancyApplication.csproj", "{51D36C4A-22AF-4A5E-B48D-43EAF2D0D7CB}"
EndProject
Project("{FAE04EC0-301F-11D3-BF4B-00C04F79EFBC}") = "Domain", "Domain\Domain.csproj", "{AC4F9081-1EDB-4B50-B581-23B860A6ECEB}"
EndProject
Project("{FAE04EC0-301F-11D3-BF4B-00C04F79EFBC}") = "Tests", "Tests\Tests.csproj", "{6C48B1B2-9BCC-4B8F-8981-0D9853117E59}"
EndProject
Global
	GlobalSection(SolutionConfigurationPlatforms) = preSolution
		Debug|Any CPU = Debug|Any CPU
		Release|Any CPU = Release|Any CPU
	EndGlobalSection
	GlobalSection(ProjectConfigurationPlatforms) = postSolution
		{51D36C4A-22AF-4A5E-B48D-43EAF2D0D7CB}.Debug|Any CPU.ActiveCfg = Debug|Any CPU
		{51D36C4A-22AF-4A5E-B48D-43EAF2D0D7CB}.Debug|Any CPU.Build.0 = Debug|Any CPU
		{51D36C4A-22AF-4A5E-B48D-43EAF2D0D7CB}.Release|Any CPU.ActiveCfg = Release|Any CPU
		{51D36C4A-22AF-4A5E-B48D-43EAF2D0D7CB}.Release|Any CPU.Build.0 = Release|Any CPU
		{AC4F9081-1EDB-4B50-B581-23B860A6ECEB}.Debug|Any CPU.ActiveCfg = Debug|Any CPU
		{AC4F9081-1EDB-4B50-B581-23B860A6ECEB}.Debug|Any CPU.Build.0 = Debug|Any CPU
		{AC4F9081-1EDB-4B50-B581-23B860A6ECEB}.Release|Any CPU.ActiveCfg = Release|Any CPU
		{AC4F9081-1EDB-4B50-B581-23B860A6ECEB}.Release|Any CPU.Build.0 = Release|Any CPU
		{6C48B1B2-9BCC-4B8F-8981-0D9853117E59}.Debug|Any CPU.ActiveCfg = Debug|Any CPU
		{6C48B1B2-9BCC-4B8F-8981-0D9853117E59}.Debug|Any CPU.Build.0 = Debug|Any CPU
		{6C48B1B2-9BCC-4B8F-8981-0D9853117E59}.Release|Any CPU.ActiveCfg = Release|Any CPU
		{6C48B1B2-9BCC-4B8F-8981-0D9853117E59}.Release|Any CPU.Build.0 = Release|Any CPU
	EndGlobalSection
EndGlobal
